
Microsoft Visual Studio Solution File, Format Version 12.00
# Visual Studio Version 17
VisualStudioVersion = 17.11.35219.272
MinimumVisualStudioVersion = 10.0.40219.1
Project("{FAE04EC0-301F-11D3-BF4B-00C04F79EFBC}") = "test", "test\test.csproj", "{C4D81E68-FEA2-4CB0-87B8-9B9ACD945846}"
EndProject
Global
	GlobalSection(SolutionConfigurationPlatforms) = preSolution
		Debug|Any CPU = Debug|Any CPU
		Release|Any CPU = Release|Any CPU
	EndGlobalSection
	GlobalSection(ProjectConfigurationPlatforms) = postSolution
		{C4D81E68-FEA2-4CB0-87B8-9B9ACD945846}.Debug|Any CPU.ActiveCfg = Debug|Any CPU
		{C4D81E68-FEA2-4CB0-87B8-9B9ACD945846}.Debug|Any CPU.Build.0 = Debug|Any CPU
		{C4D81E68-FEA2-4CB0-87B8-9B9ACD945846}.Release|Any CPU.ActiveCfg = Release|Any CPU
		{C4D81E68-FEA2-4CB0-87B8-9B9ACD945846}.Release|Any CPU.Build.0 = Release|Any CPU
	EndGlobalSection
	GlobalSection(SolutionProperties) = preSolution
		HideSolutionNode = FALSE
	EndGlobalSection
	GlobalSection(ExtensibilityGlobals) = postSolution
		SolutionGuid = {A8F48697-8353-40BC-AE01-0F360E3CF4F1}
	EndGlobalSection
EndGlobal
